
Microsoft Visual Studio Solution File, Format Version 12.00
# Visual Studio Version 16
VisualStudioVersion = 16.0.30907.101
MinimumVisualStudioVersion = 15.0.26124.0
Project("{2150E333-8FDC-42A3-9474-1A3956D46DE8}") = "Solution Items", "Solution Items", "{08CCFCF6-2248-43ED-A6EF-E972A2DA0E6A}"
	ProjectSection(SolutionItems) = preProject
		build.fsx = build.fsx
		package-lock.json = package-lock.json
		package.json = package.json
		paket.dependencies = paket.dependencies
		paket.lock = paket.lock
		README.md = README.md
		webpack.config.js = webpack.config.js
		webpack.tests.config.js = webpack.tests.config.js
	EndProjectSection
EndProject
Project("{2150E333-8FDC-42A3-9474-1A3956D46DE8}") = "src", "src", "{F84DCF8A-FC1A-4677-AF4D-616AD7DB3470}"
EndProject
Project("{6EC3EE1D-3C4E-46DD-8F32-0CC8E7565705}") = "Shared", "src\Shared\Shared.fsproj", "{B743B9A7-78C6-4FEB-ADDD-19B27F542340}"
EndProject
Project("{6EC3EE1D-3C4E-46DD-8F32-0CC8E7565705}") = "Server", "src\Server\Server.fsproj", "{B56110F0-2D27-4718-8C80-E7FDE3439A63}"
EndProject
Project("{6EC3EE1D-3C4E-46DD-8F32-0CC8E7565705}") = "Client", "src\Client\Client.fsproj", "{8F1A0074-C392-4975-8020-55176D9CB0B5}"
EndProject
Project("{2150E333-8FDC-42A3-9474-1A3956D46DE8}") = "tests", "tests", "{3820D9E8-1B4E-486E-9C46-D52E3784D222}"
EndProject
Project("{6EC3EE1D-3C4E-46DD-8F32-0CC8E7565705}") = "Shared.Tests", "tests\Shared\Shared.Tests.fsproj", "{87197987-1524-4E8A-A7CB-4440BD22A395}"
EndProject
Project("{6EC3EE1D-3C4E-46DD-8F32-0CC8E7565705}") = "Server.Tests", "tests\Server\Server.Tests.fsproj", "{9ADB89B5-54DA-4F25-B2D0-013A7FCEFABA}"
EndProject
Project("{6EC3EE1D-3C4E-46DD-8F32-0CC8E7565705}") = "Client.Tests", "tests\Client\Client.Tests.fsproj", "{CF8C20AC-1FC4-4114-ACB8-6CE6E51F34F9}"
EndProject
Project("{6EC3EE1D-3C4E-46DD-8F32-0CC8E7565705}") = "FSharp.Core.Extensions", "src\FSharp.Core.Extensions\FSharp.Core.Extensions.fsproj", "{1CD2F313-71AD-4061-B227-B5873CEA0577}"
EndProject
Project("{FAE04EC0-301F-11D3-BF4B-00C04F79EFBC}") = "GerardSafe.MongoDb.Database", "GerardSafe.MongoDb.Client\GerardSafe.MongoDb.Database.csproj", "{7F354004-E415-4A6F-A515-DC3153CDAE7D}"
EndProject
Project("{F2A71F9B-5D33-465A-A702-920D77279786}") = "GerardSafe.MongoDb.Database.Seed", "GerardSafe.MongoDb.Database.Seed\GerardSafe.MongoDb.Database.Seed.fsproj", "{B4EF7AAB-DC94-499E-93CF-304B0967702A}"
EndProject
Global
	GlobalSection(SolutionConfigurationPlatforms) = preSolution
		Debug|Any CPU = Debug|Any CPU
		Debug|x64 = Debug|x64
		Debug|x86 = Debug|x86
		Release|Any CPU = Release|Any CPU
		Release|x64 = Release|x64
		Release|x86 = Release|x86
	EndGlobalSection
	GlobalSection(ProjectConfigurationPlatforms) = postSolution
		{B743B9A7-78C6-4FEB-ADDD-19B27F542340}.Debug|Any CPU.ActiveCfg = Debug|Any CPU
		{B743B9A7-78C6-4FEB-ADDD-19B27F542340}.Debug|Any CPU.Build.0 = Debug|Any CPU
		{B743B9A7-78C6-4FEB-ADDD-19B27F542340}.Debug|x64.ActiveCfg = Debug|Any CPU
		{B743B9A7-78C6-4FEB-ADDD-19B27F542340}.Debug|x64.Build.0 = Debug|Any CPU
		{B743B9A7-78C6-4FEB-ADDD-19B27F542340}.Debug|x86.ActiveCfg = Debug|Any CPU
		{B743B9A7-78C6-4FEB-ADDD-19B27F542340}.Debug|x86.Build.0 = Debug|Any CPU
		{B743B9A7-78C6-4FEB-ADDD-19B27F542340}.Release|Any CPU.ActiveCfg = Release|Any CPU
		{B743B9A7-78C6-4FEB-ADDD-19B27F542340}.Release|Any CPU.Build.0 = Release|Any CPU
		{B743B9A7-78C6-4FEB-ADDD-19B27F542340}.Release|x64.ActiveCfg = Release|Any CPU
		{B743B9A7-78C6-4FEB-ADDD-19B27F542340}.Release|x64.Build.0 = Release|Any CPU
		{B743B9A7-78C6-4FEB-ADDD-19B27F542340}.Release|x86.ActiveCfg = Release|Any CPU
		{B743B9A7-78C6-4FEB-ADDD-19B27F542340}.Release|x86.Build.0 = Release|Any CPU
		{B56110F0-2D27-4718-8C80-E7FDE3439A63}.Debug|Any CPU.ActiveCfg = Debug|Any CPU
		{B56110F0-2D27-4718-8C80-E7FDE3439A63}.Debug|Any CPU.Build.0 = Debug|Any CPU
		{B56110F0-2D27-4718-8C80-E7FDE3439A63}.Debug|x64.ActiveCfg = Debug|Any CPU
		{B56110F0-2D27-4718-8C80-E7FDE3439A63}.Debug|x64.Build.0 = Debug|Any CPU
		{B56110F0-2D27-4718-8C80-E7FDE3439A63}.Debug|x86.ActiveCfg = Debug|Any CPU
		{B56110F0-2D27-4718-8C80-E7FDE3439A63}.Debug|x86.Build.0 = Debug|Any CPU
		{B56110F0-2D27-4718-8C80-E7FDE3439A63}.Release|Any CPU.ActiveCfg = Release|Any CPU
		{B56110F0-2D27-4718-8C80-E7FDE3439A63}.Release|Any CPU.Build.0 = Release|Any CPU
		{B56110F0-2D27-4718-8C80-E7FDE3439A63}.Release|x64.ActiveCfg = Release|Any CPU
		{B56110F0-2D27-4718-8C80-E7FDE3439A63}.Release|x64.Build.0 = Release|Any CPU
		{B56110F0-2D27-4718-8C80-E7FDE3439A63}.Release|x86.ActiveCfg = Release|Any CPU
		{B56110F0-2D27-4718-8C80-E7FDE3439A63}.Release|x86.Build.0 = Release|Any CPU
		{8F1A0074-C392-4975-8020-55176D9CB0B5}.Debug|Any CPU.ActiveCfg = Debug|Any CPU
		{8F1A0074-C392-4975-8020-55176D9CB0B5}.Debug|Any CPU.Build.0 = Debug|Any CPU
		{8F1A0074-C392-4975-8020-55176D9CB0B5}.Debug|x64.ActiveCfg = Debug|Any CPU
		{8F1A0074-C392-4975-8020-55176D9CB0B5}.Debug|x64.Build.0 = Debug|Any CPU
		{8F1A0074-C392-4975-8020-55176D9CB0B5}.Debug|x86.ActiveCfg = Debug|Any CPU
		{8F1A0074-C392-4975-8020-55176D9CB0B5}.Debug|x86.Build.0 = Debug|Any CPU
		{8F1A0074-C392-4975-8020-55176D9CB0B5}.Release|Any CPU.ActiveCfg = Release|Any CPU
		{8F1A0074-C392-4975-8020-55176D9CB0B5}.Release|Any CPU.Build.0 = Release|Any CPU
		{8F1A0074-C392-4975-8020-55176D9CB0B5}.Release|x64.ActiveCfg = Release|Any CPU
		{8F1A0074-C392-4975-8020-55176D9CB0B5}.Release|x64.Build.0 = Release|Any CPU
		{8F1A0074-C392-4975-8020-55176D9CB0B5}.Release|x86.ActiveCfg = Release|Any CPU
		{8F1A0074-C392-4975-8020-55176D9CB0B5}.Release|x86.Build.0 = Release|Any CPU
		{87197987-1524-4E8A-A7CB-4440BD22A395}.Debug|Any CPU.ActiveCfg = Debug|Any CPU
		{87197987-1524-4E8A-A7CB-4440BD22A395}.Debug|Any CPU.Build.0 = Debug|Any CPU
		{87197987-1524-4E8A-A7CB-4440BD22A395}.Debug|x64.ActiveCfg = Debug|Any CPU
		{87197987-1524-4E8A-A7CB-4440BD22A395}.Debug|x64.Build.0 = Debug|Any CPU
		{87197987-1524-4E8A-A7CB-4440BD22A395}.Debug|x86.ActiveCfg = Debug|Any CPU
		{87197987-1524-4E8A-A7CB-4440BD22A395}.Debug|x86.Build.0 = Debug|Any CPU
		{87197987-1524-4E8A-A7CB-4440BD22A395}.Release|Any CPU.ActiveCfg = Release|Any CPU
		{87197987-1524-4E8A-A7CB-4440BD22A395}.Release|Any CPU.Build.0 = Release|Any CPU
		{87197987-1524-4E8A-A7CB-4440BD22A395}.Release|x64.ActiveCfg = Release|Any CPU
		{87197987-1524-4E8A-A7CB-4440BD22A395}.Release|x64.Build.0 = Release|Any CPU
		{87197987-1524-4E8A-A7CB-4440BD22A395}.Release|x86.ActiveCfg = Release|Any CPU
		{87197987-1524-4E8A-A7CB-4440BD22A395}.Release|x86.Build.0 = Release|Any CPU
		{9ADB89B5-54DA-4F25-B2D0-013A7FCEFABA}.Debug|Any CPU.ActiveCfg = Debug|Any CPU
		{9ADB89B5-54DA-4F25-B2D0-013A7FCEFABA}.Debug|Any CPU.Build.0 = Debug|Any CPU
		{9ADB89B5-54DA-4F25-B2D0-013A7FCEFABA}.Debug|x64.ActiveCfg = Debug|Any CPU
		{9ADB89B5-54DA-4F25-B2D0-013A7FCEFABA}.Debug|x64.Build.0 = Debug|Any CPU
		{9ADB89B5-54DA-4F25-B2D0-013A7FCEFABA}.Debug|x86.ActiveCfg = Debug|Any CPU
		{9ADB89B5-54DA-4F25-B2D0-013A7FCEFABA}.Debug|x86.Build.0 = Debug|Any CPU
		{9ADB89B5-54DA-4F25-B2D0-013A7FCEFABA}.Release|Any CPU.ActiveCfg = Release|Any CPU
		{9ADB89B5-54DA-4F25-B2D0-013A7FCEFABA}.Release|Any CPU.Build.0 = Release|Any CPU
		{9ADB89B5-54DA-4F25-B2D0-013A7FCEFABA}.Release|x64.ActiveCfg = Release|Any CPU
		{9ADB89B5-54DA-4F25-B2D0-013A7FCEFABA}.Release|x64.Build.0 = Release|Any CPU
		{9ADB89B5-54DA-4F25-B2D0-013A7FCEFABA}.Release|x86.ActiveCfg = Release|Any CPU
		{9ADB89B5-54DA-4F25-B2D0-013A7FCEFABA}.Release|x86.Build.0 = Release|Any CPU
		{CF8C20AC-1FC4-4114-ACB8-6CE6E51F34F9}.Debug|Any CPU.ActiveCfg = Debug|Any CPU
		{CF8C20AC-1FC4-4114-ACB8-6CE6E51F34F9}.Debug|Any CPU.Build.0 = Debug|Any CPU
		{CF8C20AC-1FC4-4114-ACB8-6CE6E51F34F9}.Debug|x64.ActiveCfg = Debug|Any CPU
		{CF8C20AC-1FC4-4114-ACB8-6CE6E51F34F9}.Debug|x64.Build.0 = Debug|Any CPU
		{CF8C20AC-1FC4-4114-ACB8-6CE6E51F34F9}.Debug|x86.ActiveCfg = Debug|Any CPU
		{CF8C20AC-1FC4-4114-ACB8-6CE6E51F34F9}.Debug|x86.Build.0 = Debug|Any CPU
		{CF8C20AC-1FC4-4114-ACB8-6CE6E51F34F9}.Release|Any CPU.ActiveCfg = Release|Any CPU
		{CF8C20AC-1FC4-4114-ACB8-6CE6E51F34F9}.Release|Any CPU.Build.0 = Release|Any CPU
		{CF8C20AC-1FC4-4114-ACB8-6CE6E51F34F9}.Release|x64.ActiveCfg = Release|Any CPU
		{CF8C20AC-1FC4-4114-ACB8-6CE6E51F34F9}.Release|x64.Build.0 = Release|Any CPU
		{CF8C20AC-1FC4-4114-ACB8-6CE6E51F34F9}.Release|x86.ActiveCfg = Release|Any CPU
		{CF8C20AC-1FC4-4114-ACB8-6CE6E51F34F9}.Release|x86.Build.0 = Release|Any CPU
		{1CD2F313-71AD-4061-B227-B5873CEA0577}.Debug|Any CPU.ActiveCfg = Debug|Any CPU
		{1CD2F313-71AD-4061-B227-B5873CEA0577}.Debug|Any CPU.Build.0 = Debug|Any CPU
		{1CD2F313-71AD-4061-B227-B5873CEA0577}.Debug|x64.ActiveCfg = Debug|Any CPU
		{1CD2F313-71AD-4061-B227-B5873CEA0577}.Debug|x64.Build.0 = Debug|Any CPU
		{1CD2F313-71AD-4061-B227-B5873CEA0577}.Debug|x86.ActiveCfg = Debug|Any CPU
		{1CD2F313-71AD-4061-B227-B5873CEA0577}.Debug|x86.Build.0 = Debug|Any CPU
		{1CD2F313-71AD-4061-B227-B5873CEA0577}.Release|Any CPU.ActiveCfg = Release|Any CPU
		{1CD2F313-71AD-4061-B227-B5873CEA0577}.Release|Any CPU.Build.0 = Release|Any CPU
		{1CD2F313-71AD-4061-B227-B5873CEA0577}.Release|x64.ActiveCfg = Release|Any CPU
		{1CD2F313-71AD-4061-B227-B5873CEA0577}.Release|x64.Build.0 = Release|Any CPU
		{1CD2F313-71AD-4061-B227-B5873CEA0577}.Release|x86.ActiveCfg = Release|Any CPU
		{1CD2F313-71AD-4061-B227-B5873CEA0577}.Release|x86.Build.0 = Release|Any CPU
		{7F354004-E415-4A6F-A515-DC3153CDAE7D}.Debug|Any CPU.ActiveCfg = Debug|Any CPU
		{7F354004-E415-4A6F-A515-DC3153CDAE7D}.Debug|Any CPU.Build.0 = Debug|Any CPU
		{7F354004-E415-4A6F-A515-DC3153CDAE7D}.Debug|x64.ActiveCfg = Debug|Any CPU
		{7F354004-E415-4A6F-A515-DC3153CDAE7D}.Debug|x64.Build.0 = Debug|Any CPU
		{7F354004-E415-4A6F-A515-DC3153CDAE7D}.Debug|x86.ActiveCfg = Debug|Any CPU
		{7F354004-E415-4A6F-A515-DC3153CDAE7D}.Debug|x86.Build.0 = Debug|Any CPU
		{7F354004-E415-4A6F-A515-DC3153CDAE7D}.Release|Any CPU.ActiveCfg = Release|Any CPU
		{7F354004-E415-4A6F-A515-DC3153CDAE7D}.Release|Any CPU.Build.0 = Release|Any CPU
		{7F354004-E415-4A6F-A515-DC3153CDAE7D}.Release|x64.ActiveCfg = Release|Any CPU
		{7F354004-E415-4A6F-A515-DC3153CDAE7D}.Release|x64.Build.0 = Release|Any CPU
		{7F354004-E415-4A6F-A515-DC3153CDAE7D}.Release|x86.ActiveCfg = Release|Any CPU
		{7F354004-E415-4A6F-A515-DC3153CDAE7D}.Release|x86.Build.0 = Release|Any CPU
		{B4EF7AAB-DC94-499E-93CF-304B0967702A}.Debug|Any CPU.ActiveCfg = Debug|Any CPU
		{B4EF7AAB-DC94-499E-93CF-304B0967702A}.Debug|Any CPU.Build.0 = Debug|Any CPU
		{B4EF7AAB-DC94-499E-93CF-304B0967702A}.Debug|x64.ActiveCfg = Debug|Any CPU
		{B4EF7AAB-DC94-499E-93CF-304B0967702A}.Debug|x64.Build.0 = Debug|Any CPU
		{B4EF7AAB-DC94-499E-93CF-304B0967702A}.Debug|x86.ActiveCfg = Debug|Any CPU
		{B4EF7AAB-DC94-499E-93CF-304B0967702A}.Debug|x86.Build.0 = Debug|Any CPU
		{B4EF7AAB-DC94-499E-93CF-304B0967702A}.Release|Any CPU.ActiveCfg = Release|Any CPU
		{B4EF7AAB-DC94-499E-93CF-304B0967702A}.Release|Any CPU.Build.0 = Release|Any CPU
		{B4EF7AAB-DC94-499E-93CF-304B0967702A}.Release|x64.ActiveCfg = Release|Any CPU
		{B4EF7AAB-DC94-499E-93CF-304B0967702A}.Release|x64.Build.0 = Release|Any CPU
		{B4EF7AAB-DC94-499E-93CF-304B0967702A}.Release|x86.ActiveCfg = Release|Any CPU
		{B4EF7AAB-DC94-499E-93CF-304B0967702A}.Release|x86.Build.0 = Release|Any CPU
	EndGlobalSection
	GlobalSection(SolutionProperties) = preSolution
		HideSolutionNode = FALSE
	EndGlobalSection
	GlobalSection(NestedProjects) = preSolution
		{B743B9A7-78C6-4FEB-ADDD-19B27F542340} = {F84DCF8A-FC1A-4677-AF4D-616AD7DB3470}
		{B56110F0-2D27-4718-8C80-E7FDE3439A63} = {F84DCF8A-FC1A-4677-AF4D-616AD7DB3470}
		{8F1A0074-C392-4975-8020-55176D9CB0B5} = {F84DCF8A-FC1A-4677-AF4D-616AD7DB3470}
		{87197987-1524-4E8A-A7CB-4440BD22A395} = {3820D9E8-1B4E-486E-9C46-D52E3784D222}
		{9ADB89B5-54DA-4F25-B2D0-013A7FCEFABA} = {3820D9E8-1B4E-486E-9C46-D52E3784D222}
		{CF8C20AC-1FC4-4114-ACB8-6CE6E51F34F9} = {3820D9E8-1B4E-486E-9C46-D52E3784D222}
		{1CD2F313-71AD-4061-B227-B5873CEA0577} = {F84DCF8A-FC1A-4677-AF4D-616AD7DB3470}
		{7F354004-E415-4A6F-A515-DC3153CDAE7D} = {F84DCF8A-FC1A-4677-AF4D-616AD7DB3470}
		{B4EF7AAB-DC94-499E-93CF-304B0967702A} = {F84DCF8A-FC1A-4677-AF4D-616AD7DB3470}
	EndGlobalSection
	GlobalSection(ExtensibilityGlobals) = postSolution
		SolutionGuid = {F4416346-163D-43E0-8FF1-B8A3615A891C}
	EndGlobalSection
EndGlobal
